
Microsoft Visual Studio Solution File, Format Version 12.00
# Visual Studio Version 17
VisualStudioVersion = 17.5.33502.453
MinimumVisualStudioVersion = 10.0.40219.1
Project("{8BC9CEB8-8B4A-11D0-8D11-00A0C91BC942}") = "159_Pointer", "159_Pointer\159_Pointer.vcxproj", "{89727EF7-311C-4B52-B4DF-CC2F30A8A08B}"
EndProject
Project("{8BC9CEB8-8B4A-11D0-8D11-00A0C91BC942}") = "159_Pointer2", "159_Pointer2\159_Pointer2.vcxproj", "{D6FA6468-D7E8-4976-93EA-55DF87050907}"
EndProject
Project("{8BC9CEB8-8B4A-11D0-8D11-00A0C91BC942}") = "Friends clss", "Friends clss\Friends clss.vcxproj", "{9DFAD809-24F2-4ED3-A8B9-99AA76E32CCC}"
EndProject
Project("{8BC9CEB8-8B4A-11D0-8D11-00A0C91BC942}") = "friendclss_2", "friendclss_2\friendclss_2.vcxproj", "{42D05940-E51E-4F1B-8F30-D59D7C083CAC}"
EndProject
Project("{8BC9CEB8-8B4A-11D0-8D11-00A0C91BC942}") = "friend_3", "friend_3\friend_3.vcxproj", "{3769D946-DC34-431A-AD85-8971808FDEB9}"
EndProject
Global
	GlobalSection(SolutionConfigurationPlatforms) = preSolution
		Debug|x64 = Debug|x64
		Debug|x86 = Debug|x86
		Release|x64 = Release|x64
		Release|x86 = Release|x86
	EndGlobalSection
	GlobalSection(ProjectConfigurationPlatforms) = postSolution
		{89727EF7-311C-4B52-B4DF-CC2F30A8A08B}.Debug|x64.ActiveCfg = Debug|x64
		{89727EF7-311C-4B52-B4DF-CC2F30A8A08B}.Debug|x64.Build.0 = Debug|x64
		{89727EF7-311C-4B52-B4DF-CC2F30A8A08B}.Debug|x86.ActiveCfg = Debug|Win32
		{89727EF7-311C-4B52-B4DF-CC2F30A8A08B}.Debug|x86.Build.0 = Debug|Win32
		{89727EF7-311C-4B52-B4DF-CC2F30A8A08B}.Release|x64.ActiveCfg = Release|x64
		{89727EF7-311C-4B52-B4DF-CC2F30A8A08B}.Release|x64.Build.0 = Release|x64
		{89727EF7-311C-4B52-B4DF-CC2F30A8A08B}.Release|x86.ActiveCfg = Release|Win32
		{89727EF7-311C-4B52-B4DF-CC2F30A8A08B}.Release|x86.Build.0 = Release|Win32
		{D6FA6468-D7E8-4976-93EA-55DF87050907}.Debug|x64.ActiveCfg = Debug|x64
		{D6FA6468-D7E8-4976-93EA-55DF87050907}.Debug|x64.Build.0 = Debug|x64
		{D6FA6468-D7E8-4976-93EA-55DF87050907}.Debug|x86.ActiveCfg = Debug|Win32
		{D6FA6468-D7E8-4976-93EA-55DF87050907}.Debug|x86.Build.0 = Debug|Win32
		{D6FA6468-D7E8-4976-93EA-55DF87050907}.Release|x64.ActiveCfg = Release|x64
		{D6FA6468-D7E8-4976-93EA-55DF87050907}.Release|x64.Build.0 = Release|x64
		{D6FA6468-D7E8-4976-93EA-55DF87050907}.Release|x86.ActiveCfg = Release|Win32
		{D6FA6468-D7E8-4976-93EA-55DF87050907}.Release|x86.Build.0 = Release|Win32
		{9DFAD809-24F2-4ED3-A8B9-99AA76E32CCC}.Debug|x64.ActiveCfg = Debug|x64
		{9DFAD809-24F2-4ED3-A8B9-99AA76E32CCC}.Debug|x64.Build.0 = Debug|x64
		{9DFAD809-24F2-4ED3-A8B9-99AA76E32CCC}.Debug|x86.ActiveCfg = Debug|Win32
		{9DFAD809-24F2-4ED3-A8B9-99AA76E32CCC}.Debug|x86.Build.0 = Debug|Win32
		{9DFAD809-24F2-4ED3-A8B9-99AA76E32CCC}.Release|x64.ActiveCfg = Release|x64
		{9DFAD809-24F2-4ED3-A8B9-99AA76E32CCC}.Release|x64.Build.0 = Release|x64
		{9DFAD809-24F2-4ED3-A8B9-99AA76E32CCC}.Release|x86.ActiveCfg = Release|Win32
		{9DFAD809-24F2-4ED3-A8B9-99AA76E32CCC}.Release|x86.Build.0 = Release|Win32
		{42D05940-E51E-4F1B-8F30-D59D7C083CAC}.Debug|x64.ActiveCfg = Debug|x64
		{42D05940-E51E-4F1B-8F30-D59D7C083CAC}.Debug|x64.Build.0 = Debug|x64
		{42D05940-E51E-4F1B-8F30-D59D7C083CAC}.Debug|x86.ActiveCfg = Debug|Win32
		{42D05940-E51E-4F1B-8F30-D59D7C083CAC}.Debug|x86.Build.0 = Debug|Win32
		{42D05940-E51E-4F1B-8F30-D59D7C083CAC}.Release|x64.ActiveCfg = Release|x64
		{42D05940-E51E-4F1B-8F30-D59D7C083CAC}.Release|x64.Build.0 = Release|x64
		{42D05940-E51E-4F1B-8F30-D59D7C083CAC}.Release|x86.ActiveCfg = Release|Win32
		{42D05940-E51E-4F1B-8F30-D59D7C083CAC}.Release|x86.Build.0 = Release|Win32
		{3769D946-DC34-431A-AD85-8971808FDEB9}.Debug|x64.ActiveCfg = Debug|x64
		{3769D946-DC34-431A-AD85-8971808FDEB9}.Debug|x64.Build.0 = Debug|x64
		{3769D946-DC34-431A-AD85-8971808FDEB9}.Debug|x86.ActiveCfg = Debug|Win32
		{3769D946-DC34-431A-AD85-8971808FDEB9}.Debug|x86.Build.0 = Debug|Win32
		{3769D946-DC34-431A-AD85-8971808FDEB9}.Release|x64.ActiveCfg = Release|x64
		{3769D946-DC34-431A-AD85-8971808FDEB9}.Release|x64.Build.0 = Release|x64
		{3769D946-DC34-431A-AD85-8971808FDEB9}.Release|x86.ActiveCfg = Release|Win32
		{3769D946-DC34-431A-AD85-8971808FDEB9}.Release|x86.Build.0 = Release|Win32
	EndGlobalSection
	GlobalSection(SolutionProperties) = preSolution
		HideSolutionNode = FALSE
	EndGlobalSection
	GlobalSection(ExtensibilityGlobals) = postSolution
		SolutionGuid = {58551BF3-D4C8-4608-B4EC-63B0011865B0}
	EndGlobalSection
EndGlobal
